
Microsoft Visual Studio Solution File, Format Version 12.00
# Visual Studio Version 17
VisualStudioVersion = 17.6.33801.468
MinimumVisualStudioVersion = 10.0.40219.1
Project("{9A19103F-16F7-4668-BE54-9A1E7A4F7556}") = "PL", "PL.csproj", "{9130A2D5-9880-45AC-9AF3-F075DC5CBE71}"
EndProject
Project("{9A19103F-16F7-4668-BE54-9A1E7A4F7556}") = "BLL", "..\BLL\BLL.csproj", "{1CDE8D59-63E7-4CFD-890A-5CA25446697F}"
EndProject
Project("{9A19103F-16F7-4668-BE54-9A1E7A4F7556}") = "DAL", "..\DAL\DAL.csproj", "{4B492327-E5F5-42B9-BBF4-DC675F29D88C}"
EndProject
Project("{E53339B2-1760-4266-BCC7-CA923CBCF16C}") = "docker-compose", "docker-compose.dcproj", "{F8F6D038-0CC0-4B99-9D5A-D5984E5C7EE3}"
EndProject
Global
	GlobalSection(SolutionConfigurationPlatforms) = preSolution
		Debug|Any CPU = Debug|Any CPU
		Release|Any CPU = Release|Any CPU
	EndGlobalSection
	GlobalSection(ProjectConfigurationPlatforms) = postSolution
		{9130A2D5-9880-45AC-9AF3-F075DC5CBE71}.Debug|Any CPU.ActiveCfg = Debug|Any CPU
		{9130A2D5-9880-45AC-9AF3-F075DC5CBE71}.Debug|Any CPU.Build.0 = Debug|Any CPU
		{9130A2D5-9880-45AC-9AF3-F075DC5CBE71}.Release|Any CPU.ActiveCfg = Release|Any CPU
		{9130A2D5-9880-45AC-9AF3-F075DC5CBE71}.Release|Any CPU.Build.0 = Release|Any CPU
		{1CDE8D59-63E7-4CFD-890A-5CA25446697F}.Debug|Any CPU.ActiveCfg = Debug|Any CPU
		{1CDE8D59-63E7-4CFD-890A-5CA25446697F}.Debug|Any CPU.Build.0 = Debug|Any CPU
		{1CDE8D59-63E7-4CFD-890A-5CA25446697F}.Release|Any CPU.ActiveCfg = Release|Any CPU
		{1CDE8D59-63E7-4CFD-890A-5CA25446697F}.Release|Any CPU.Build.0 = Release|Any CPU
		{4B492327-E5F5-42B9-BBF4-DC675F29D88C}.Debug|Any CPU.ActiveCfg = Debug|Any CPU
		{4B492327-E5F5-42B9-BBF4-DC675F29D88C}.Debug|Any CPU.Build.0 = Debug|Any CPU
		{4B492327-E5F5-42B9-BBF4-DC675F29D88C}.Release|Any CPU.ActiveCfg = Release|Any CPU
		{4B492327-E5F5-42B9-BBF4-DC675F29D88C}.Release|Any CPU.Build.0 = Release|Any CPU
		{F8F6D038-0CC0-4B99-9D5A-D5984E5C7EE3}.Debug|Any CPU.ActiveCfg = Debug|Any CPU
		{F8F6D038-0CC0-4B99-9D5A-D5984E5C7EE3}.Debug|Any CPU.Build.0 = Debug|Any CPU
		{F8F6D038-0CC0-4B99-9D5A-D5984E5C7EE3}.Release|Any CPU.ActiveCfg = Release|Any CPU
		{F8F6D038-0CC0-4B99-9D5A-D5984E5C7EE3}.Release|Any CPU.Build.0 = Release|Any CPU
	EndGlobalSection
	GlobalSection(SolutionProperties) = preSolution
		HideSolutionNode = FALSE
	EndGlobalSection
	GlobalSection(ExtensibilityGlobals) = postSolution
		SolutionGuid = {D7DF1294-38BF-4127-B103-F76BAB02558F}
	EndGlobalSection
EndGlobal
